
Microsoft Visual Studio Solution File, Format Version 12.00
# Visual Studio Version 17
VisualStudioVersion = 17.3.32811.315
MinimumVisualStudioVersion = 10.0.40219.1
Project("{9A19103F-16F7-4668-BE54-9A1E7A4F7556}") = "clase1_01", "clase1_01\clase1_01.csproj", "{18F8F494-1675-4992-B667-DB6CF71B8F9D}"
EndProject
Project("{2150E333-8FDC-42A3-9474-1A3956D46DE8}") = "clase1", "clase1", "{4A502B83-CA36-41A0-B8FB-A45197EFDF6A}"
EndProject
Project("{9A19103F-16F7-4668-BE54-9A1E7A4F7556}") = "Clase1_02", "Clase1_02\Clase1_02.csproj", "{A8CB7408-1C09-4AC5-8F54-9839519C82A7}"
EndProject
Project("{9A19103F-16F7-4668-BE54-9A1E7A4F7556}") = "Clase1_03", "Clase1_03\Clase1_03.csproj", "{71413AA9-B036-44EC-B5D7-BAF7E2F36EFA}"
EndProject
Project("{9A19103F-16F7-4668-BE54-9A1E7A4F7556}") = "Clase1_04", "Clase1_04\Clase1_04.csproj", "{4039B6A1-9951-45B8-B918-55F0A124867B}"
EndProject
Project("{9A19103F-16F7-4668-BE54-9A1E7A4F7556}") = "Clase1_05", "Clase1_05\Clase1_05.csproj", "{5ABDA51A-8833-40EE-850E-5597FD7BF1B5}"
EndProject
Project("{9A19103F-16F7-4668-BE54-9A1E7A4F7556}") = "Clase1_06", "Clase1_06\Clase1_06.csproj", "{7219F96D-B671-49EB-8217-70915DD4490B}"
EndProject
Project("{9A19103F-16F7-4668-BE54-9A1E7A4F7556}") = "Clase1_07", "Clase1_07\Clase1_07.csproj", "{BBAAD323-D564-488C-9F05-E9FB2C460F29}"
EndProject
Project("{9A19103F-16F7-4668-BE54-9A1E7A4F7556}") = "Clase1_08", "Clase1_08\Clase1_08.csproj", "{B4A9A816-CAB7-4029-BB9E-CC58904EFE75}"
EndProject
Project("{9A19103F-16F7-4668-BE54-9A1E7A4F7556}") = "Claase1_09", "Claase1_09\Claase1_09.csproj", "{29FF5A1C-F363-4C8C-84E0-89E23EE496A6}"
EndProject
Project("{2150E333-8FDC-42A3-9474-1A3956D46DE8}") = "Biblioteca_de_clases", "Biblioteca_de_clases", "{C85222CE-F2B8-4C9A-9CBF-6E1696955409}"
EndProject
Project("{2150E333-8FDC-42A3-9474-1A3956D46DE8}") = "clases_y_metodos_estaticos", "clases_y_metodos_estaticos", "{E2035717-FF1F-4A80-B3CB-840D745DACDF}"
EndProject
Project("{9A19103F-16F7-4668-BE54-9A1E7A4F7556}") = "biblioteca_de_clases", "biblioteca_de_clases\biblioteca_de_clases.csproj", "{BA2EF824-ED3B-4086-9B78-F692A17509C1}"
EndProject
Project("{9A19103F-16F7-4668-BE54-9A1E7A4F7556}") = "01-Validador_de_rangos", "01-Validador_de_rangos\01-Validador_de_rangos.csproj", "{0C382A1E-41E6-42AF-8B28-F9DA7E13FC01}"
EndProject
Project("{9A19103F-16F7-4668-BE54-9A1E7A4F7556}") = "02-Desea_continuar", "02-Desea_continuar\02-Desea_continuar.csproj", "{4EDB453E-0C42-461D-8D23-3C86E4701A31}"
EndProject
Project("{9A19103F-16F7-4668-BE54-9A1E7A4F7556}") = "03-Conversor_binario", "03-Conversor_binario\03-Conversor_binario.csproj", "{6846510A-02CA-4018-83D7-57D29FA8BB95}"
EndProject
Project("{FAE04EC0-301F-11D3-BF4B-00C04F79EFBC}") = "04-La_calculadora", "04-La_calculadora\04-La_calculadora.csproj", "{E479710A-1F72-4E22-906F-09EFC7EEF34F}"
EndProject
Project("{FAE04EC0-301F-11D3-BF4B-00C04F79EFBC}") = "05-Aprendete_las_tablas", "05-Aprendete_las_tablas\05-Aprendete_las_tablas.csproj", "{CD3CDE80-8822-4B87-8481-A1982CB6FF33}"
EndProject
Project("{FAE04EC0-301F-11D3-BF4B-00C04F79EFBC}") = "06-Calculadora_de_areas", "06-Calculadora_de_areas\06-Calculadora_de_areas.csproj", "{91C0139B-B66E-47B4-A487-9E7DBF92A428}"
EndProject
Global
	GlobalSection(SolutionConfigurationPlatforms) = preSolution
		Debug|Any CPU = Debug|Any CPU
		Release|Any CPU = Release|Any CPU
	EndGlobalSection
	GlobalSection(ProjectConfigurationPlatforms) = postSolution
		{18F8F494-1675-4992-B667-DB6CF71B8F9D}.Debug|Any CPU.ActiveCfg = Debug|Any CPU
		{18F8F494-1675-4992-B667-DB6CF71B8F9D}.Debug|Any CPU.Build.0 = Debug|Any CPU
		{18F8F494-1675-4992-B667-DB6CF71B8F9D}.Release|Any CPU.ActiveCfg = Release|Any CPU
		{18F8F494-1675-4992-B667-DB6CF71B8F9D}.Release|Any CPU.Build.0 = Release|Any CPU
		{A8CB7408-1C09-4AC5-8F54-9839519C82A7}.Debug|Any CPU.ActiveCfg = Debug|Any CPU
		{A8CB7408-1C09-4AC5-8F54-9839519C82A7}.Debug|Any CPU.Build.0 = Debug|Any CPU
		{A8CB7408-1C09-4AC5-8F54-9839519C82A7}.Release|Any CPU.ActiveCfg = Release|Any CPU
		{A8CB7408-1C09-4AC5-8F54-9839519C82A7}.Release|Any CPU.Build.0 = Release|Any CPU
		{71413AA9-B036-44EC-B5D7-BAF7E2F36EFA}.Debug|Any CPU.ActiveCfg = Debug|Any CPU
		{71413AA9-B036-44EC-B5D7-BAF7E2F36EFA}.Debug|Any CPU.Build.0 = Debug|Any CPU
		{71413AA9-B036-44EC-B5D7-BAF7E2F36EFA}.Release|Any CPU.ActiveCfg = Release|Any CPU
		{71413AA9-B036-44EC-B5D7-BAF7E2F36EFA}.Release|Any CPU.Build.0 = Release|Any CPU
		{4039B6A1-9951-45B8-B918-55F0A124867B}.Debug|Any CPU.ActiveCfg = Debug|Any CPU
		{4039B6A1-9951-45B8-B918-55F0A124867B}.Debug|Any CPU.Build.0 = Debug|Any CPU
		{4039B6A1-9951-45B8-B918-55F0A124867B}.Release|Any CPU.ActiveCfg = Release|Any CPU
		{4039B6A1-9951-45B8-B918-55F0A124867B}.Release|Any CPU.Build.0 = Release|Any CPU
		{5ABDA51A-8833-40EE-850E-5597FD7BF1B5}.Debug|Any CPU.ActiveCfg = Debug|Any CPU
		{5ABDA51A-8833-40EE-850E-5597FD7BF1B5}.Debug|Any CPU.Build.0 = Debug|Any CPU
		{5ABDA51A-8833-40EE-850E-5597FD7BF1B5}.Release|Any CPU.ActiveCfg = Release|Any CPU
		{5ABDA51A-8833-40EE-850E-5597FD7BF1B5}.Release|Any CPU.Build.0 = Release|Any CPU
		{7219F96D-B671-49EB-8217-70915DD4490B}.Debug|Any CPU.ActiveCfg = Debug|Any CPU
		{7219F96D-B671-49EB-8217-70915DD4490B}.Debug|Any CPU.Build.0 = Debug|Any CPU
		{7219F96D-B671-49EB-8217-70915DD4490B}.Release|Any CPU.ActiveCfg = Release|Any CPU
		{7219F96D-B671-49EB-8217-70915DD4490B}.Release|Any CPU.Build.0 = Release|Any CPU
		{BBAAD323-D564-488C-9F05-E9FB2C460F29}.Debug|Any CPU.ActiveCfg = Debug|Any CPU
		{BBAAD323-D564-488C-9F05-E9FB2C460F29}.Debug|Any CPU.Build.0 = Debug|Any CPU
		{BBAAD323-D564-488C-9F05-E9FB2C460F29}.Release|Any CPU.ActiveCfg = Release|Any CPU
		{BBAAD323-D564-488C-9F05-E9FB2C460F29}.Release|Any CPU.Build.0 = Release|Any CPU
		{B4A9A816-CAB7-4029-BB9E-CC58904EFE75}.Debug|Any CPU.ActiveCfg = Debug|Any CPU
		{B4A9A816-CAB7-4029-BB9E-CC58904EFE75}.Debug|Any CPU.Build.0 = Debug|Any CPU
		{B4A9A816-CAB7-4029-BB9E-CC58904EFE75}.Release|Any CPU.ActiveCfg = Release|Any CPU
		{B4A9A816-CAB7-4029-BB9E-CC58904EFE75}.Release|Any CPU.Build.0 = Release|Any CPU
		{29FF5A1C-F363-4C8C-84E0-89E23EE496A6}.Debug|Any CPU.ActiveCfg = Debug|Any CPU
		{29FF5A1C-F363-4C8C-84E0-89E23EE496A6}.Debug|Any CPU.Build.0 = Debug|Any CPU
		{29FF5A1C-F363-4C8C-84E0-89E23EE496A6}.Release|Any CPU.ActiveCfg = Release|Any CPU
		{29FF5A1C-F363-4C8C-84E0-89E23EE496A6}.Release|Any CPU.Build.0 = Release|Any CPU
		{BA2EF824-ED3B-4086-9B78-F692A17509C1}.Debug|Any CPU.ActiveCfg = Debug|Any CPU
		{BA2EF824-ED3B-4086-9B78-F692A17509C1}.Debug|Any CPU.Build.0 = Debug|Any CPU
		{BA2EF824-ED3B-4086-9B78-F692A17509C1}.Release|Any CPU.ActiveCfg = Release|Any CPU
		{BA2EF824-ED3B-4086-9B78-F692A17509C1}.Release|Any CPU.Build.0 = Release|Any CPU
		{0C382A1E-41E6-42AF-8B28-F9DA7E13FC01}.Debug|Any CPU.ActiveCfg = Debug|Any CPU
		{0C382A1E-41E6-42AF-8B28-F9DA7E13FC01}.Debug|Any CPU.Build.0 = Debug|Any CPU
		{0C382A1E-41E6-42AF-8B28-F9DA7E13FC01}.Release|Any CPU.ActiveCfg = Release|Any CPU
		{0C382A1E-41E6-42AF-8B28-F9DA7E13FC01}.Release|Any CPU.Build.0 = Release|Any CPU
		{4EDB453E-0C42-461D-8D23-3C86E4701A31}.Debug|Any CPU.ActiveCfg = Debug|Any CPU
		{4EDB453E-0C42-461D-8D23-3C86E4701A31}.Debug|Any CPU.Build.0 = Debug|Any CPU
		{4EDB453E-0C42-461D-8D23-3C86E4701A31}.Release|Any CPU.ActiveCfg = Release|Any CPU
		{4EDB453E-0C42-461D-8D23-3C86E4701A31}.Release|Any CPU.Build.0 = Release|Any CPU
		{6846510A-02CA-4018-83D7-57D29FA8BB95}.Debug|Any CPU.ActiveCfg = Debug|Any CPU
		{6846510A-02CA-4018-83D7-57D29FA8BB95}.Debug|Any CPU.Build.0 = Debug|Any CPU
		{6846510A-02CA-4018-83D7-57D29FA8BB95}.Release|Any CPU.ActiveCfg = Release|Any CPU
		{6846510A-02CA-4018-83D7-57D29FA8BB95}.Release|Any CPU.Build.0 = Release|Any CPU
		{E479710A-1F72-4E22-906F-09EFC7EEF34F}.Debug|Any CPU.ActiveCfg = Debug|Any CPU
		{E479710A-1F72-4E22-906F-09EFC7EEF34F}.Debug|Any CPU.Build.0 = Debug|Any CPU
		{E479710A-1F72-4E22-906F-09EFC7EEF34F}.Release|Any CPU.ActiveCfg = Release|Any CPU
		{E479710A-1F72-4E22-906F-09EFC7EEF34F}.Release|Any CPU.Build.0 = Release|Any CPU
		{CD3CDE80-8822-4B87-8481-A1982CB6FF33}.Debug|Any CPU.ActiveCfg = Debug|Any CPU
		{CD3CDE80-8822-4B87-8481-A1982CB6FF33}.Debug|Any CPU.Build.0 = Debug|Any CPU
		{CD3CDE80-8822-4B87-8481-A1982CB6FF33}.Release|Any CPU.ActiveCfg = Release|Any CPU
		{CD3CDE80-8822-4B87-8481-A1982CB6FF33}.Release|Any CPU.Build.0 = Release|Any CPU
		{91C0139B-B66E-47B4-A487-9E7DBF92A428}.Debug|Any CPU.ActiveCfg = Debug|Any CPU
		{91C0139B-B66E-47B4-A487-9E7DBF92A428}.Debug|Any CPU.Build.0 = Debug|Any CPU
		{91C0139B-B66E-47B4-A487-9E7DBF92A428}.Release|Any CPU.ActiveCfg = Release|Any CPU
		{91C0139B-B66E-47B4-A487-9E7DBF92A428}.Release|Any CPU.Build.0 = Release|Any CPU
	EndGlobalSection
	GlobalSection(SolutionProperties) = preSolution
		HideSolutionNode = FALSE
	EndGlobalSection
	GlobalSection(NestedProjects) = preSolution
		{18F8F494-1675-4992-B667-DB6CF71B8F9D} = {4A502B83-CA36-41A0-B8FB-A45197EFDF6A}
		{A8CB7408-1C09-4AC5-8F54-9839519C82A7} = {4A502B83-CA36-41A0-B8FB-A45197EFDF6A}
		{71413AA9-B036-44EC-B5D7-BAF7E2F36EFA} = {4A502B83-CA36-41A0-B8FB-A45197EFDF6A}
		{4039B6A1-9951-45B8-B918-55F0A124867B} = {4A502B83-CA36-41A0-B8FB-A45197EFDF6A}
		{5ABDA51A-8833-40EE-850E-5597FD7BF1B5} = {4A502B83-CA36-41A0-B8FB-A45197EFDF6A}
		{7219F96D-B671-49EB-8217-70915DD4490B} = {4A502B83-CA36-41A0-B8FB-A45197EFDF6A}
		{BBAAD323-D564-488C-9F05-E9FB2C460F29} = {4A502B83-CA36-41A0-B8FB-A45197EFDF6A}
		{B4A9A816-CAB7-4029-BB9E-CC58904EFE75} = {4A502B83-CA36-41A0-B8FB-A45197EFDF6A}
		{29FF5A1C-F363-4C8C-84E0-89E23EE496A6} = {4A502B83-CA36-41A0-B8FB-A45197EFDF6A}
		{BA2EF824-ED3B-4086-9B78-F692A17509C1} = {C85222CE-F2B8-4C9A-9CBF-6E1696955409}
		{0C382A1E-41E6-42AF-8B28-F9DA7E13FC01} = {E2035717-FF1F-4A80-B3CB-840D745DACDF}
		{4EDB453E-0C42-461D-8D23-3C86E4701A31} = {E2035717-FF1F-4A80-B3CB-840D745DACDF}
		{6846510A-02CA-4018-83D7-57D29FA8BB95} = {E2035717-FF1F-4A80-B3CB-840D745DACDF}
		{E479710A-1F72-4E22-906F-09EFC7EEF34F} = {E2035717-FF1F-4A80-B3CB-840D745DACDF}
		{CD3CDE80-8822-4B87-8481-A1982CB6FF33} = {E2035717-FF1F-4A80-B3CB-840D745DACDF}
		{91C0139B-B66E-47B4-A487-9E7DBF92A428} = {E2035717-FF1F-4A80-B3CB-840D745DACDF}
	EndGlobalSection
	GlobalSection(ExtensibilityGlobals) = postSolution
		SolutionGuid = {45060E3C-845D-4305-A743-DB165AA756FE}
	EndGlobalSection
EndGlobal
