
Microsoft Visual Studio Solution File, Format Version 12.00
# Visual Studio Version 17
VisualStudioVersion = 17.3.32811.315
MinimumVisualStudioVersion = 10.0.40219.1
Project("{2150E333-8FDC-42A3-9474-1A3956D46DE8}") = "Biblioteca_de_clases", "Biblioteca_de_clases", "{C85222CE-F2B8-4C9A-9CBF-6E1696955409}"
EndProject
Project("{9A19103F-16F7-4668-BE54-9A1E7A4F7556}") = "biblioteca_de_clases", "biblioteca_de_clases\biblioteca_de_clases.csproj", "{BA2EF824-ED3B-4086-9B78-F692A17509C1}"
EndProject
Project("{2150E333-8FDC-42A3-9474-1A3956D46DE8}") = "introduccion_a_NET_y_Csharp", "introduccion_a_NET_y_Csharp", "{15BDAB08-096D-48C2-9B4C-05ACD9328BDF}"
EndProject
Project("{9A19103F-16F7-4668-BE54-9A1E7A4F7556}") = "01-Maximo_minimo_y_promedio", "introduccion_a_NET_y_Csharp\ConsoleApp1\01-Maximo_minimo_y_promedio.csproj", "{2EBC783A-EBC2-45A0-BE69-B519188C3DBF}"
EndProject
Project("{9A19103F-16F7-4668-BE54-9A1E7A4F7556}") = "02-error_al_cubo", "introduccion_a_NET_y_Csharp\02-error_al_cubo\02-error_al_cubo.csproj", "{394776D5-437F-4CFA-9208-1018245EB548}"
EndProject
Project("{9A19103F-16F7-4668-BE54-9A1E7A4F7556}") = "03-los_primos", "introduccion_a_NET_y_Csharp\03-los_primos\03-los_primos.csproj", "{C4AB5856-4A9E-426A-B074-17BF677FA56E}"
EndProject
Project("{9A19103F-16F7-4668-BE54-9A1E7A4F7556}") = "04-un_numero_perfecto", "introduccion_a_NET_y_Csharp\04-un_numero_perfecto\04-un_numero_perfecto.csproj", "{EB76C173-958F-4AC7-986E-028A2A7117A6}"
EndProject
Project("{9A19103F-16F7-4668-BE54-9A1E7A4F7556}") = "05-tirame_un_centro", "introduccion_a_NET_y_Csharp\05-tirame_un_centro\05-tirame_un_centro.csproj", "{4A3162B3-C536-4FCF-AEF2-E76D91CEE7C0}"
EndProject
Project("{9A19103F-16F7-4668-BE54-9A1E7A4F7556}") = "06-anios_bisiestos", "introduccion_a_NET_y_Csharp\06-anios_bisiestos\06-anios_bisiestos.csproj", "{FD6EC3C0-4CFE-475D-8D10-4E3E5C8C9FA3}"
EndProject
Project("{9A19103F-16F7-4668-BE54-9A1E7A4F7556}") = "07-recibo_de_sueldo", "introduccion_a_NET_y_Csharp\07-recibo_de_sueldo\07-recibo_de_sueldo.csproj", "{12C0D83E-4283-44DC-94E1-F8E09C858AEF}"
EndProject
Project("{9A19103F-16F7-4668-BE54-9A1E7A4F7556}") = "08-triangulo_rectangulo", "introduccion_a_NET_y_Csharp\08-triangulo_rectangulo\08-triangulo_rectangulo.csproj", "{304F28C0-CA30-4B85-8D10-626F0AF1D42F}"
EndProject
Project("{2150E333-8FDC-42A3-9474-1A3956D46DE8}") = "clases_y_metodos_estaticoss", "clases_y_metodos_estaticoss", "{6EFD0C5D-8556-48DB-8740-8DE59A3AE58C}"
EndProject
Project("{9A19103F-16F7-4668-BE54-9A1E7A4F7556}") = "01_validador_de_rangos", "clases_y_metodos_estaticos\01_validador_de_rangos\01_validador_de_rangos.csproj", "{9C369AB0-2B8E-4616-B3E3-14ED90334888}"
	ProjectSection(ProjectDependencies) = postProject
		{BA2EF824-ED3B-4086-9B78-F692A17509C1} = {BA2EF824-ED3B-4086-9B78-F692A17509C1}
	EndProjectSection
EndProject
Project("{9A19103F-16F7-4668-BE54-9A1E7A4F7556}") = "02-desea_continuar", "clases_y_metodos_estaticos\02-desea_continuar\02-desea_continuar.csproj", "{BBAC38F0-2A45-4965-A029-164B4484D1BF}"
EndProject
Project("{9A19103F-16F7-4668-BE54-9A1E7A4F7556}") = "03-conversor_binario", "clases_y_metodos_estaticos\03-conversor_binario\03-conversor_binario.csproj", "{7345DB98-B157-4A0D-A429-E69192EAC3D8}"
EndProject
Project("{9A19103F-16F7-4668-BE54-9A1E7A4F7556}") = "04-la_calculadora", "clases_y_metodos_estaticos\04-la_calculadora\04-la_calculadora.csproj", "{D6B71291-76A5-4E87-A8B5-909DF72C4080}"
EndProject
Project("{9A19103F-16F7-4668-BE54-9A1E7A4F7556}") = "05-aprendete_las_tablas", "clases_y_metodos_estaticos\05-aprendete_las_tablas\05-aprendete_las_tablas.csproj", "{B8F585CF-1DF4-4459-95C2-B17131A3A14F}"
EndProject
Project("{9A19103F-16F7-4668-BE54-9A1E7A4F7556}") = "06-calculadora_de_areas", "clases_y_metodos_estaticos\06-calculadora_de_areas\06-calculadora_de_areas.csproj", "{F996B58A-2D11-42A8-BA57-43C868FF2B32}"
EndProject
Project("{9A19103F-16F7-4668-BE54-9A1E7A4F7556}") = "07-pitagoras_estari_orgulloso", "clases_y_metodos_estaticos\07-pitagoras_estari_orgulloso\07-pitagoras_estari_orgulloso.csproj", "{873B38F9-FDFE-491E-A625-49C0BB4DD7A0}"
EndProject
Project("{9A19103F-16F7-4668-BE54-9A1E7A4F7556}") = "A01-calcular_un_factorial", "clases_y_metodos_estaticos\A01-calcular_un_factorial\A01-calcular_un_factorial.csproj", "{31CF1ADD-41D0-4EF7-A427-88E60B22A9CE}"
EndProject
Project("{2150E333-8FDC-42A3-9474-1A3956D46DE8}") = "programacion_orientada_a_objetos", "programacion_orientada_a_objetos", "{EADDE1E1-2B4B-459C-896E-862649A0225A}"
EndProject
Project("{9A19103F-16F7-4668-BE54-9A1E7A4F7556}") = "01-necesito_un_prestamo", "programacion_orientada_a_objetos\01-necesito_un_prestamo\01-necesito_un_prestamo.csproj", "{C9D8576C-399E-41C5-A2B4-09F4DC0C017C}"
EndProject
Project("{9A19103F-16F7-4668-BE54-9A1E7A4F7556}") = "02-cuantas_primavera", "programacion_orientada_a_objetos\02-cuantas_primavera\02-cuantas_primavera.csproj", "{62FA3BFD-9D24-4A7F-AE0D-2E7F4BC3186F}"
EndProject
Project("{9A19103F-16F7-4668-BE54-9A1E7A4F7556}") = "03-ejemplo_universal", "programacion_orientada_a_objetos\03-ejemplo_universal\03-ejemplo_universal.csproj", "{225AA530-3878-4DD2-A77D-94C27A326E9B}"
EndProject
Project("{9A19103F-16F7-4668-BE54-9A1E7A4F7556}") = "04-invento_argentino", "programacion_orientada_a_objetos\04-invento_argentino\04-invento_argentino.csproj", "{FE97BAD4-21B1-48D2-86B9-0BC7334E4FE5}"
EndProject
Project("{9A19103F-16F7-4668-BE54-9A1E7A4F7556}") = "05-prueba_de_geometria", "programacion_orientada_a_objetos\05-prueba_de_geometria\05-prueba_de_geometria.csproj", "{25A2842F-DB35-4E84-9102-FC017876C59C}"
EndProject
Project("{9A19103F-16F7-4668-BE54-9A1E7A4F7556}") = "A01-sis_autonavegacion", "programacion_orientada_a_objetos\A01-sis_autonavegacion\A01-sis_autonavegacion.csproj", "{C910CDB0-DE57-46F5-A427-C9A39805332D}"
EndProject
Project("{9A19103F-16F7-4668-BE54-9A1E7A4F7556}") = "A02-la_veterinaria", "programacion_orientada_a_objetos\A02-la_veterinaria\A02-la_veterinaria.csproj", "{526BFB81-1F49-4055-B7E8-2163F58D8B11}"
EndProject
Project("{2150E333-8FDC-42A3-9474-1A3956D46DE8}") = "ejercicios_en_clase", "ejercicios_en_clase", "{D52ACDF4-E551-4E8B-9C5C-30F436D64EEF}"
EndProject
Project("{9A19103F-16F7-4668-BE54-9A1E7A4F7556}") = "maquina_expendedora", "ejercicio_en_clase\maquina_expendedora\maquina_expendedora.csproj", "{57E884CD-8A8D-46C0-851D-6DFE5293945D}"
EndProject
Project("{2150E333-8FDC-42A3-9474-1A3956D46DE8}") = "windows_forms", "windows_forms", "{C89C9088-ABD6-48DA-AF80-73417E7BACF9}"
EndProject
Project("{FAE04EC0-301F-11D3-BF4B-00C04F79EFBC}") = "01-Hola_winforms", "WinForms\01-Hola_winforms\01-Hola_winforms.csproj", "{26DEADAD-27ED-4681-BE3D-A68CA23B71E9}"
EndProject
Global
	GlobalSection(SolutionConfigurationPlatforms) = preSolution
		Debug|Any CPU = Debug|Any CPU
		Release|Any CPU = Release|Any CPU
	EndGlobalSection
	GlobalSection(ProjectConfigurationPlatforms) = postSolution
		{BA2EF824-ED3B-4086-9B78-F692A17509C1}.Debug|Any CPU.ActiveCfg = Debug|Any CPU
		{BA2EF824-ED3B-4086-9B78-F692A17509C1}.Debug|Any CPU.Build.0 = Debug|Any CPU
		{BA2EF824-ED3B-4086-9B78-F692A17509C1}.Release|Any CPU.ActiveCfg = Release|Any CPU
		{BA2EF824-ED3B-4086-9B78-F692A17509C1}.Release|Any CPU.Build.0 = Release|Any CPU
		{2EBC783A-EBC2-45A0-BE69-B519188C3DBF}.Debug|Any CPU.ActiveCfg = Debug|Any CPU
		{2EBC783A-EBC2-45A0-BE69-B519188C3DBF}.Debug|Any CPU.Build.0 = Debug|Any CPU
		{2EBC783A-EBC2-45A0-BE69-B519188C3DBF}.Release|Any CPU.ActiveCfg = Release|Any CPU
		{2EBC783A-EBC2-45A0-BE69-B519188C3DBF}.Release|Any CPU.Build.0 = Release|Any CPU
		{394776D5-437F-4CFA-9208-1018245EB548}.Debug|Any CPU.ActiveCfg = Debug|Any CPU
		{394776D5-437F-4CFA-9208-1018245EB548}.Debug|Any CPU.Build.0 = Debug|Any CPU
		{394776D5-437F-4CFA-9208-1018245EB548}.Release|Any CPU.ActiveCfg = Release|Any CPU
		{394776D5-437F-4CFA-9208-1018245EB548}.Release|Any CPU.Build.0 = Release|Any CPU
		{C4AB5856-4A9E-426A-B074-17BF677FA56E}.Debug|Any CPU.ActiveCfg = Debug|Any CPU
		{C4AB5856-4A9E-426A-B074-17BF677FA56E}.Debug|Any CPU.Build.0 = Debug|Any CPU
		{C4AB5856-4A9E-426A-B074-17BF677FA56E}.Release|Any CPU.ActiveCfg = Release|Any CPU
		{C4AB5856-4A9E-426A-B074-17BF677FA56E}.Release|Any CPU.Build.0 = Release|Any CPU
		{EB76C173-958F-4AC7-986E-028A2A7117A6}.Debug|Any CPU.ActiveCfg = Debug|Any CPU
		{EB76C173-958F-4AC7-986E-028A2A7117A6}.Debug|Any CPU.Build.0 = Debug|Any CPU
		{EB76C173-958F-4AC7-986E-028A2A7117A6}.Release|Any CPU.ActiveCfg = Release|Any CPU
		{EB76C173-958F-4AC7-986E-028A2A7117A6}.Release|Any CPU.Build.0 = Release|Any CPU
		{4A3162B3-C536-4FCF-AEF2-E76D91CEE7C0}.Debug|Any CPU.ActiveCfg = Debug|Any CPU
		{4A3162B3-C536-4FCF-AEF2-E76D91CEE7C0}.Debug|Any CPU.Build.0 = Debug|Any CPU
		{4A3162B3-C536-4FCF-AEF2-E76D91CEE7C0}.Release|Any CPU.ActiveCfg = Release|Any CPU
		{4A3162B3-C536-4FCF-AEF2-E76D91CEE7C0}.Release|Any CPU.Build.0 = Release|Any CPU
		{FD6EC3C0-4CFE-475D-8D10-4E3E5C8C9FA3}.Debug|Any CPU.ActiveCfg = Debug|Any CPU
		{FD6EC3C0-4CFE-475D-8D10-4E3E5C8C9FA3}.Debug|Any CPU.Build.0 = Debug|Any CPU
		{FD6EC3C0-4CFE-475D-8D10-4E3E5C8C9FA3}.Release|Any CPU.ActiveCfg = Release|Any CPU
		{FD6EC3C0-4CFE-475D-8D10-4E3E5C8C9FA3}.Release|Any CPU.Build.0 = Release|Any CPU
		{12C0D83E-4283-44DC-94E1-F8E09C858AEF}.Debug|Any CPU.ActiveCfg = Debug|Any CPU
		{12C0D83E-4283-44DC-94E1-F8E09C858AEF}.Debug|Any CPU.Build.0 = Debug|Any CPU
		{12C0D83E-4283-44DC-94E1-F8E09C858AEF}.Release|Any CPU.ActiveCfg = Release|Any CPU
		{12C0D83E-4283-44DC-94E1-F8E09C858AEF}.Release|Any CPU.Build.0 = Release|Any CPU
		{304F28C0-CA30-4B85-8D10-626F0AF1D42F}.Debug|Any CPU.ActiveCfg = Debug|Any CPU
		{304F28C0-CA30-4B85-8D10-626F0AF1D42F}.Debug|Any CPU.Build.0 = Debug|Any CPU
		{304F28C0-CA30-4B85-8D10-626F0AF1D42F}.Release|Any CPU.ActiveCfg = Release|Any CPU
		{304F28C0-CA30-4B85-8D10-626F0AF1D42F}.Release|Any CPU.Build.0 = Release|Any CPU
		{9C369AB0-2B8E-4616-B3E3-14ED90334888}.Debug|Any CPU.ActiveCfg = Debug|Any CPU
		{9C369AB0-2B8E-4616-B3E3-14ED90334888}.Debug|Any CPU.Build.0 = Debug|Any CPU
		{9C369AB0-2B8E-4616-B3E3-14ED90334888}.Release|Any CPU.ActiveCfg = Release|Any CPU
		{9C369AB0-2B8E-4616-B3E3-14ED90334888}.Release|Any CPU.Build.0 = Release|Any CPU
		{BBAC38F0-2A45-4965-A029-164B4484D1BF}.Debug|Any CPU.ActiveCfg = Debug|Any CPU
		{BBAC38F0-2A45-4965-A029-164B4484D1BF}.Debug|Any CPU.Build.0 = Debug|Any CPU
		{BBAC38F0-2A45-4965-A029-164B4484D1BF}.Release|Any CPU.ActiveCfg = Release|Any CPU
		{BBAC38F0-2A45-4965-A029-164B4484D1BF}.Release|Any CPU.Build.0 = Release|Any CPU
		{7345DB98-B157-4A0D-A429-E69192EAC3D8}.Debug|Any CPU.ActiveCfg = Debug|Any CPU
		{7345DB98-B157-4A0D-A429-E69192EAC3D8}.Debug|Any CPU.Build.0 = Debug|Any CPU
		{7345DB98-B157-4A0D-A429-E69192EAC3D8}.Release|Any CPU.ActiveCfg = Release|Any CPU
		{7345DB98-B157-4A0D-A429-E69192EAC3D8}.Release|Any CPU.Build.0 = Release|Any CPU
		{D6B71291-76A5-4E87-A8B5-909DF72C4080}.Debug|Any CPU.ActiveCfg = Debug|Any CPU
		{D6B71291-76A5-4E87-A8B5-909DF72C4080}.Debug|Any CPU.Build.0 = Debug|Any CPU
		{D6B71291-76A5-4E87-A8B5-909DF72C4080}.Release|Any CPU.ActiveCfg = Release|Any CPU
		{D6B71291-76A5-4E87-A8B5-909DF72C4080}.Release|Any CPU.Build.0 = Release|Any CPU
		{B8F585CF-1DF4-4459-95C2-B17131A3A14F}.Debug|Any CPU.ActiveCfg = Debug|Any CPU
		{B8F585CF-1DF4-4459-95C2-B17131A3A14F}.Debug|Any CPU.Build.0 = Debug|Any CPU
		{B8F585CF-1DF4-4459-95C2-B17131A3A14F}.Release|Any CPU.ActiveCfg = Release|Any CPU
		{B8F585CF-1DF4-4459-95C2-B17131A3A14F}.Release|Any CPU.Build.0 = Release|Any CPU
		{F996B58A-2D11-42A8-BA57-43C868FF2B32}.Debug|Any CPU.ActiveCfg = Debug|Any CPU
		{F996B58A-2D11-42A8-BA57-43C868FF2B32}.Debug|Any CPU.Build.0 = Debug|Any CPU
		{F996B58A-2D11-42A8-BA57-43C868FF2B32}.Release|Any CPU.ActiveCfg = Release|Any CPU
		{F996B58A-2D11-42A8-BA57-43C868FF2B32}.Release|Any CPU.Build.0 = Release|Any CPU
		{873B38F9-FDFE-491E-A625-49C0BB4DD7A0}.Debug|Any CPU.ActiveCfg = Debug|Any CPU
		{873B38F9-FDFE-491E-A625-49C0BB4DD7A0}.Debug|Any CPU.Build.0 = Debug|Any CPU
		{873B38F9-FDFE-491E-A625-49C0BB4DD7A0}.Release|Any CPU.ActiveCfg = Release|Any CPU
		{873B38F9-FDFE-491E-A625-49C0BB4DD7A0}.Release|Any CPU.Build.0 = Release|Any CPU
		{31CF1ADD-41D0-4EF7-A427-88E60B22A9CE}.Debug|Any CPU.ActiveCfg = Debug|Any CPU
		{31CF1ADD-41D0-4EF7-A427-88E60B22A9CE}.Debug|Any CPU.Build.0 = Debug|Any CPU
		{31CF1ADD-41D0-4EF7-A427-88E60B22A9CE}.Release|Any CPU.ActiveCfg = Release|Any CPU
		{31CF1ADD-41D0-4EF7-A427-88E60B22A9CE}.Release|Any CPU.Build.0 = Release|Any CPU
		{C9D8576C-399E-41C5-A2B4-09F4DC0C017C}.Debug|Any CPU.ActiveCfg = Debug|Any CPU
		{C9D8576C-399E-41C5-A2B4-09F4DC0C017C}.Debug|Any CPU.Build.0 = Debug|Any CPU
		{C9D8576C-399E-41C5-A2B4-09F4DC0C017C}.Release|Any CPU.ActiveCfg = Release|Any CPU
		{C9D8576C-399E-41C5-A2B4-09F4DC0C017C}.Release|Any CPU.Build.0 = Release|Any CPU
		{62FA3BFD-9D24-4A7F-AE0D-2E7F4BC3186F}.Debug|Any CPU.ActiveCfg = Debug|Any CPU
		{62FA3BFD-9D24-4A7F-AE0D-2E7F4BC3186F}.Debug|Any CPU.Build.0 = Debug|Any CPU
		{62FA3BFD-9D24-4A7F-AE0D-2E7F4BC3186F}.Release|Any CPU.ActiveCfg = Release|Any CPU
		{62FA3BFD-9D24-4A7F-AE0D-2E7F4BC3186F}.Release|Any CPU.Build.0 = Release|Any CPU
		{225AA530-3878-4DD2-A77D-94C27A326E9B}.Debug|Any CPU.ActiveCfg = Debug|Any CPU
		{225AA530-3878-4DD2-A77D-94C27A326E9B}.Debug|Any CPU.Build.0 = Debug|Any CPU
		{225AA530-3878-4DD2-A77D-94C27A326E9B}.Release|Any CPU.ActiveCfg = Release|Any CPU
		{225AA530-3878-4DD2-A77D-94C27A326E9B}.Release|Any CPU.Build.0 = Release|Any CPU
		{FE97BAD4-21B1-48D2-86B9-0BC7334E4FE5}.Debug|Any CPU.ActiveCfg = Debug|Any CPU
		{FE97BAD4-21B1-48D2-86B9-0BC7334E4FE5}.Debug|Any CPU.Build.0 = Debug|Any CPU
		{FE97BAD4-21B1-48D2-86B9-0BC7334E4FE5}.Release|Any CPU.ActiveCfg = Release|Any CPU
		{FE97BAD4-21B1-48D2-86B9-0BC7334E4FE5}.Release|Any CPU.Build.0 = Release|Any CPU
		{25A2842F-DB35-4E84-9102-FC017876C59C}.Debug|Any CPU.ActiveCfg = Debug|Any CPU
		{25A2842F-DB35-4E84-9102-FC017876C59C}.Debug|Any CPU.Build.0 = Debug|Any CPU
		{25A2842F-DB35-4E84-9102-FC017876C59C}.Release|Any CPU.ActiveCfg = Release|Any CPU
		{25A2842F-DB35-4E84-9102-FC017876C59C}.Release|Any CPU.Build.0 = Release|Any CPU
		{C910CDB0-DE57-46F5-A427-C9A39805332D}.Debug|Any CPU.ActiveCfg = Debug|Any CPU
		{C910CDB0-DE57-46F5-A427-C9A39805332D}.Debug|Any CPU.Build.0 = Debug|Any CPU
		{C910CDB0-DE57-46F5-A427-C9A39805332D}.Release|Any CPU.ActiveCfg = Release|Any CPU
		{C910CDB0-DE57-46F5-A427-C9A39805332D}.Release|Any CPU.Build.0 = Release|Any CPU
		{526BFB81-1F49-4055-B7E8-2163F58D8B11}.Debug|Any CPU.ActiveCfg = Debug|Any CPU
		{526BFB81-1F49-4055-B7E8-2163F58D8B11}.Debug|Any CPU.Build.0 = Debug|Any CPU
		{526BFB81-1F49-4055-B7E8-2163F58D8B11}.Release|Any CPU.ActiveCfg = Release|Any CPU
		{526BFB81-1F49-4055-B7E8-2163F58D8B11}.Release|Any CPU.Build.0 = Release|Any CPU
		{57E884CD-8A8D-46C0-851D-6DFE5293945D}.Debug|Any CPU.ActiveCfg = Debug|Any CPU
		{57E884CD-8A8D-46C0-851D-6DFE5293945D}.Debug|Any CPU.Build.0 = Debug|Any CPU
		{57E884CD-8A8D-46C0-851D-6DFE5293945D}.Release|Any CPU.ActiveCfg = Release|Any CPU
		{57E884CD-8A8D-46C0-851D-6DFE5293945D}.Release|Any CPU.Build.0 = Release|Any CPU
		{26DEADAD-27ED-4681-BE3D-A68CA23B71E9}.Debug|Any CPU.ActiveCfg = Debug|Any CPU
		{26DEADAD-27ED-4681-BE3D-A68CA23B71E9}.Debug|Any CPU.Build.0 = Debug|Any CPU
		{26DEADAD-27ED-4681-BE3D-A68CA23B71E9}.Release|Any CPU.ActiveCfg = Release|Any CPU
		{26DEADAD-27ED-4681-BE3D-A68CA23B71E9}.Release|Any CPU.Build.0 = Release|Any CPU
	EndGlobalSection
	GlobalSection(SolutionProperties) = preSolution
		HideSolutionNode = FALSE
	EndGlobalSection
	GlobalSection(NestedProjects) = preSolution
		{BA2EF824-ED3B-4086-9B78-F692A17509C1} = {C85222CE-F2B8-4C9A-9CBF-6E1696955409}
		{2EBC783A-EBC2-45A0-BE69-B519188C3DBF} = {15BDAB08-096D-48C2-9B4C-05ACD9328BDF}
		{394776D5-437F-4CFA-9208-1018245EB548} = {15BDAB08-096D-48C2-9B4C-05ACD9328BDF}
		{C4AB5856-4A9E-426A-B074-17BF677FA56E} = {15BDAB08-096D-48C2-9B4C-05ACD9328BDF}
		{EB76C173-958F-4AC7-986E-028A2A7117A6} = {15BDAB08-096D-48C2-9B4C-05ACD9328BDF}
		{4A3162B3-C536-4FCF-AEF2-E76D91CEE7C0} = {15BDAB08-096D-48C2-9B4C-05ACD9328BDF}
		{FD6EC3C0-4CFE-475D-8D10-4E3E5C8C9FA3} = {15BDAB08-096D-48C2-9B4C-05ACD9328BDF}
		{12C0D83E-4283-44DC-94E1-F8E09C858AEF} = {15BDAB08-096D-48C2-9B4C-05ACD9328BDF}
		{304F28C0-CA30-4B85-8D10-626F0AF1D42F} = {15BDAB08-096D-48C2-9B4C-05ACD9328BDF}
		{9C369AB0-2B8E-4616-B3E3-14ED90334888} = {6EFD0C5D-8556-48DB-8740-8DE59A3AE58C}
		{BBAC38F0-2A45-4965-A029-164B4484D1BF} = {6EFD0C5D-8556-48DB-8740-8DE59A3AE58C}
		{7345DB98-B157-4A0D-A429-E69192EAC3D8} = {6EFD0C5D-8556-48DB-8740-8DE59A3AE58C}
		{D6B71291-76A5-4E87-A8B5-909DF72C4080} = {6EFD0C5D-8556-48DB-8740-8DE59A3AE58C}
		{B8F585CF-1DF4-4459-95C2-B17131A3A14F} = {6EFD0C5D-8556-48DB-8740-8DE59A3AE58C}
		{F996B58A-2D11-42A8-BA57-43C868FF2B32} = {6EFD0C5D-8556-48DB-8740-8DE59A3AE58C}
		{873B38F9-FDFE-491E-A625-49C0BB4DD7A0} = {6EFD0C5D-8556-48DB-8740-8DE59A3AE58C}
		{31CF1ADD-41D0-4EF7-A427-88E60B22A9CE} = {6EFD0C5D-8556-48DB-8740-8DE59A3AE58C}
		{C9D8576C-399E-41C5-A2B4-09F4DC0C017C} = {EADDE1E1-2B4B-459C-896E-862649A0225A}
		{62FA3BFD-9D24-4A7F-AE0D-2E7F4BC3186F} = {EADDE1E1-2B4B-459C-896E-862649A0225A}
		{225AA530-3878-4DD2-A77D-94C27A326E9B} = {EADDE1E1-2B4B-459C-896E-862649A0225A}
		{FE97BAD4-21B1-48D2-86B9-0BC7334E4FE5} = {EADDE1E1-2B4B-459C-896E-862649A0225A}
		{25A2842F-DB35-4E84-9102-FC017876C59C} = {EADDE1E1-2B4B-459C-896E-862649A0225A}
		{C910CDB0-DE57-46F5-A427-C9A39805332D} = {EADDE1E1-2B4B-459C-896E-862649A0225A}
		{526BFB81-1F49-4055-B7E8-2163F58D8B11} = {EADDE1E1-2B4B-459C-896E-862649A0225A}
		{57E884CD-8A8D-46C0-851D-6DFE5293945D} = {D52ACDF4-E551-4E8B-9C5C-30F436D64EEF}
		{26DEADAD-27ED-4681-BE3D-A68CA23B71E9} = {C89C9088-ABD6-48DA-AF80-73417E7BACF9}
	EndGlobalSection
	GlobalSection(ExtensibilityGlobals) = postSolution
		SolutionGuid = {45060E3C-845D-4305-A743-DB165AA756FE}
	EndGlobalSection
EndGlobal
